// !$*UTF8*$!
{
	archiveVersion = 1;
	classes = {
	};
	objectVersion = 54;
	objects = {

/* Begin PBXBuildFile section */
		287158B52603A115009BA9C0 /* LandmarksApp.swift in Sources */ = {isa = PBXBuildFile; fileRef = 287158B42603A115009BA9C0 /* LandmarksApp.swift */; };
		287158B72603A115009BA9C0 /* ContentView.swift in Sources */ = {isa = PBXBuildFile; fileRef = 287158B62603A115009BA9C0 /* ContentView.swift */; };
		287158B92603A118009BA9C0 /* Assets.xcassets in Resources */ = {isa = PBXBuildFile; fileRef = 287158B82603A118009BA9C0 /* Assets.xcassets */; };
		287158BC2603A118009BA9C0 /* Preview Assets.xcassets in Resources */ = {isa = PBXBuildFile; fileRef = 287158BB2603A118009BA9C0 /* Preview Assets.xcassets */; };
		287158C72603A118009BA9C0 /* LandmarksTests.swift in Sources */ = {isa = PBXBuildFile; fileRef = 287158C62603A118009BA9C0 /* LandmarksTests.swift */; };
		287158D22603A118009BA9C0 /* LandmarksUITests.swift in Sources */ = {isa = PBXBuildFile; fileRef = 287158D12603A118009BA9C0 /* LandmarksUITests.swift */; };
		287158E32603A449009BA9C0 /* CircleImage.swift in Sources */ = {isa = PBXBuildFile; fileRef = 287158E22603A449009BA9C0 /* CircleImage.swift */; };
		287158E82603A508009BA9C0 /* MapView.swift in Sources */ = {isa = PBXBuildFile; fileRef = 287158E72603A508009BA9C0 /* MapView.swift */; };
		287158ED2603A9A3009BA9C0 /* landmarkData.json in Resources */ = {isa = PBXBuildFile; fileRef = 287158EC2603A9A3009BA9C0 /* landmarkData.json */; };
		287158F22603A9BD009BA9C0 /* Landmark.swift in Sources */ = {isa = PBXBuildFile; fileRef = 287158F12603A9BD009BA9C0 /* Landmark.swift */; };
		287158F72603AAC6009BA9C0 /* ModelData.swift in Sources */ = {isa = PBXBuildFile; fileRef = 287158F62603AAC6009BA9C0 /* ModelData.swift */; };
		287159142603ACC4009BA9C0 /* LandmarkRow.swift in Sources */ = {isa = PBXBuildFile; fileRef = 287159132603ACC4009BA9C0 /* LandmarkRow.swift */; };
		287159192603AE0D009BA9C0 /* LandmarkList.swift in Sources */ = {isa = PBXBuildFile; fileRef = 287159182603AE0D009BA9C0 /* LandmarkList.swift */; };
		2871591E2603AEDF009BA9C0 /* LandmarkDetail.swift in Sources */ = {isa = PBXBuildFile; fileRef = 2871591D2603AEDF009BA9C0 /* LandmarkDetail.swift */; };
/* End PBXBuildFile section */

/* Begin PBXContainerItemProxy section */
		287158C32603A118009BA9C0 /* PBXContainerItemProxy */ = {
			isa = PBXContainerItemProxy;
			containerPortal = 287158A92603A115009BA9C0 /* Project object */;
			proxyType = 1;
			remoteGlobalIDString = 287158B02603A115009BA9C0;
			remoteInfo = Landmarks;
		};
		287158CE2603A118009BA9C0 /* PBXContainerItemProxy */ = {
			isa = PBXContainerItemProxy;
			containerPortal = 287158A92603A115009BA9C0 /* Project object */;
			proxyType = 1;
			remoteGlobalIDString = 287158B02603A115009BA9C0;
			remoteInfo = Landmarks;
		};
/* End PBXContainerItemProxy section */

/* Begin PBXFileReference section */
		287158B12603A115009BA9C0 /* Landmarks.app */ = {isa = PBXFileReference; explicitFileType = wrapper.application; includeInIndex = 0; path = Landmarks.app; sourceTree = BUILT_PRODUCTS_DIR; };
		287158B42603A115009BA9C0 /* LandmarksApp.swift */ = {isa = PBXFileReference; lastKnownFileType = sourcecode.swift; path = LandmarksApp.swift; sourceTree = "<group>"; };
		287158B62603A115009BA9C0 /* ContentView.swift */ = {isa = PBXFileReference; lastKnownFileType = sourcecode.swift; path = ContentView.swift; sourceTree = "<group>"; };
		287158B82603A118009BA9C0 /* Assets.xcassets */ = {isa = PBXFileReference; lastKnownFileType = folder.assetcatalog; path = Assets.xcassets; sourceTree = "<group>"; };
		287158BB2603A118009BA9C0 /* Preview Assets.xcassets */ = {isa = PBXFileReference; lastKnownFileType = folder.assetcatalog; path = "Preview Assets.xcassets"; sourceTree = "<group>"; };
		287158BD2603A118009BA9C0 /* Info.plist */ = {isa = PBXFileReference; lastKnownFileType = text.plist.xml; path = Info.plist; sourceTree = "<group>"; };
		287158C22603A118009BA9C0 /* LandmarksTests.xctest */ = {isa = PBXFileReference; explicitFileType = wrapper.cfbundle; includeInIndex = 0; path = LandmarksTests.xctest; sourceTree = BUILT_PRODUCTS_DIR; };
		287158C62603A118009BA9C0 /* LandmarksTests.swift */ = {isa = PBXFileReference; lastKnownFileType = sourcecode.swift; path = LandmarksTests.swift; sourceTree = "<group>"; };
		287158C82603A118009BA9C0 /* Info.plist */ = {isa = PBXFileReference; lastKnownFileType = text.plist.xml; path = Info.plist; sourceTree = "<group>"; };
		287158CD2603A118009BA9C0 /* LandmarksUITests.xctest */ = {isa = PBXFileReference; explicitFileType = wrapper.cfbundle; includeInIndex = 0; path = LandmarksUITests.xctest; sourceTree = BUILT_PRODUCTS_DIR; };
		287158D12603A118009BA9C0 /* LandmarksUITests.swift */ = {isa = PBXFileReference; lastKnownFileType = sourcecode.swift; path = LandmarksUITests.swift; sourceTree = "<group>"; };
		287158D32603A118009BA9C0 /* Info.plist */ = {isa = PBXFileReference; lastKnownFileType = text.plist.xml; path = Info.plist; sourceTree = "<group>"; };
		287158E22603A449009BA9C0 /* CircleImage.swift */ = {isa = PBXFileReference; lastKnownFileType = sourcecode.swift; path = CircleImage.swift; sourceTree = "<group>"; };
		287158E72603A508009BA9C0 /* MapView.swift */ = {isa = PBXFileReference; lastKnownFileType = sourcecode.swift; path = MapView.swift; sourceTree = "<group>"; };
		287158EC2603A9A3009BA9C0 /* landmarkData.json */ = {isa = PBXFileReference; fileEncoding = 4; lastKnownFileType = text.json; path = landmarkData.json; sourceTree = "<group>"; };
		287158F12603A9BD009BA9C0 /* Landmark.swift */ = {isa = PBXFileReference; lastKnownFileType = sourcecode.swift; path = Landmark.swift; sourceTree = "<group>"; };
		287158F62603AAC6009BA9C0 /* ModelData.swift */ = {isa = PBXFileReference; lastKnownFileType = sourcecode.swift; path = ModelData.swift; sourceTree = "<group>"; };
		287159132603ACC4009BA9C0 /* LandmarkRow.swift */ = {isa = PBXFileReference; lastKnownFileType = sourcecode.swift; path = LandmarkRow.swift; sourceTree = SOURCE_ROOT; };
		287159182603AE0D009BA9C0 /* LandmarkList.swift */ = {isa = PBXFileReference; lastKnownFileType = sourcecode.swift; path = LandmarkList.swift; sourceTree = "<group>"; };
		2871591D2603AEDF009BA9C0 /* LandmarkDetail.swift */ = {isa = PBXFileReference; lastKnownFileType = sourcecode.swift; path = LandmarkDetail.swift; sourceTree = "<group>"; };
/* End PBXFileReference section */

/* Begin PBXFrameworksBuildPhase section */
		287158AE2603A115009BA9C0 /* Frameworks */ = {
			isa = PBXFrameworksBuildPhase;
			buildActionMask = 2147483647;
			files = (
			);
			runOnlyForDeploymentPostprocessing = 0;
		};
		287158BF2603A118009BA9C0 /* Frameworks */ = {
			isa = PBXFrameworksBuildPhase;
			buildActionMask = 2147483647;
			files = (
			);
			runOnlyForDeploymentPostprocessing = 0;
		};
		287158CA2603A118009BA9C0 /* Frameworks */ = {
			isa = PBXFrameworksBuildPhase;
			buildActionMask = 2147483647;
			files = (
			);
			runOnlyForDeploymentPostprocessing = 0;
		};
/* End PBXFrameworksBuildPhase section */

/* Begin PBXGroup section */
		287158A82603A115009BA9C0 = {
			isa = PBXGroup;
			children = (
				287158B32603A115009BA9C0 /* Landmarks */,
				287158C52603A118009BA9C0 /* LandmarksTests */,
				287158D02603A118009BA9C0 /* LandmarksUITests */,
				287158B22603A115009BA9C0 /* Products */,
			);
			sourceTree = "<group>";
		};
		287158B22603A115009BA9C0 /* Products */ = {
			isa = PBXGroup;
			children = (
				287158B12603A115009BA9C0 /* Landmarks.app */,
				287158C22603A118009BA9C0 /* LandmarksTests.xctest */,
				287158CD2603A118009BA9C0 /* LandmarksUITests.xctest */,
			);
			name = Products;
			sourceTree = "<group>";
		};
		287158B32603A115009BA9C0 /* Landmarks */ = {
			isa = PBXGroup;
			children = (
				287158FC2603AC3B009BA9C0 /* Views */,
				287159042603AC6E009BA9C0 /* Resources */,
				287159002603AC60009BA9C0 /* Model */,
				287158B42603A115009BA9C0 /* LandmarksApp.swift */,
				287158B82603A118009BA9C0 /* Assets.xcassets */,
				287158BD2603A118009BA9C0 /* Info.plist */,
				287158BA2603A118009BA9C0 /* Preview Content */,
			);
			path = Landmarks;
			sourceTree = "<group>";
		};
		287158BA2603A118009BA9C0 /* Preview Content */ = {
			isa = PBXGroup;
			children = (
				287158BB2603A118009BA9C0 /* Preview Assets.xcassets */,
			);
			path = "Preview Content";
			sourceTree = "<group>";
		};
		287158C52603A118009BA9C0 /* LandmarksTests */ = {
			isa = PBXGroup;
			children = (
				287158C62603A118009BA9C0 /* LandmarksTests.swift */,
				287158C82603A118009BA9C0 /* Info.plist */,
			);
			path = LandmarksTests;
			sourceTree = "<group>";
		};
		287158D02603A118009BA9C0 /* LandmarksUITests */ = {
			isa = PBXGroup;
			children = (
				287158D12603A118009BA9C0 /* LandmarksUITests.swift */,
				287158D32603A118009BA9C0 /* Info.plist */,
			);
			path = LandmarksUITests;
			sourceTree = "<group>";
		};
		287158FC2603AC3B009BA9C0 /* Views */ = {
			isa = PBXGroup;
			children = (
				287159132603ACC4009BA9C0 /* LandmarkRow.swift */,
				287158B62603A115009BA9C0 /* ContentView.swift */,
				287158E22603A449009BA9C0 /* CircleImage.swift */,
				287158E72603A508009BA9C0 /* MapView.swift */,
				287159182603AE0D009BA9C0 /* LandmarkList.swift */,
				2871591D2603AEDF009BA9C0 /* LandmarkDetail.swift */,
			);
			path = Views;
			sourceTree = "<group>";
		};
		287159002603AC60009BA9C0 /* Model */ = {
			isa = PBXGroup;
			children = (
				287158F12603A9BD009BA9C0 /* Landmark.swift */,
				287158F62603AAC6009BA9C0 /* ModelData.swift */,
			);
			path = Model;
			sourceTree = "<group>";
		};
		287159042603AC6E009BA9C0 /* Resources */ = {
			isa = PBXGroup;
			children = (
				287158EC2603A9A3009BA9C0 /* landmarkData.json */,
			);
			path = Resources;
			sourceTree = "<group>";
		};
/* End PBXGroup section */

/* Begin PBXNativeTarget section */
		287158B02603A115009BA9C0 /* Landmarks */ = {
			isa = PBXNativeTarget;
			buildConfigurationList = 287158D62603A118009BA9C0 /* Build configuration list for PBXNativeTarget "Landmarks" */;
			buildPhases = (
				287158AD2603A115009BA9C0 /* Sources */,
				287158AE2603A115009BA9C0 /* Frameworks */,
				287158AF2603A115009BA9C0 /* Resources */,
			);
			buildRules = (
			);
			dependencies = (
			);
			name = Landmarks;
			productName = Landmarks;
			productReference = 287158B12603A115009BA9C0 /* Landmarks.app */;
			productType = "com.apple.product-type.application";
		};
		287158C12603A118009BA9C0 /* LandmarksTests */ = {
			isa = PBXNativeTarget;
			buildConfigurationList = 287158D92603A118009BA9C0 /* Build configuration list for PBXNativeTarget "LandmarksTests" */;
			buildPhases = (
				287158BE2603A118009BA9C0 /* Sources */,
				287158BF2603A118009BA9C0 /* Frameworks */,
				287158C02603A118009BA9C0 /* Resources */,
			);
			buildRules = (
			);
			dependencies = (
				287158C42603A118009BA9C0 /* PBXTargetDependency */,
			);
			name = LandmarksTests;
			productName = LandmarksTests;
			productReference = 287158C22603A118009BA9C0 /* LandmarksTests.xctest */;
			productType = "com.apple.product-type.bundle.unit-test";
		};
		287158CC2603A118009BA9C0 /* LandmarksUITests */ = {
			isa = PBXNativeTarget;
			buildConfigurationList = 287158DC2603A118009BA9C0 /* Build configuration list for PBXNativeTarget "LandmarksUITests" */;
			buildPhases = (
				287158C92603A118009BA9C0 /* Sources */,
				287158CA2603A118009BA9C0 /* Frameworks */,
				287158CB2603A118009BA9C0 /* Resources */,
			);
			buildRules = (
			);
			dependencies = (
				287158CF2603A118009BA9C0 /* PBXTargetDependency */,
			);
			name = LandmarksUITests;
			productName = LandmarksUITests;
			productReference = 287158CD2603A118009BA9C0 /* LandmarksUITests.xctest */;
			productType = "com.apple.product-type.bundle.ui-testing";
		};
/* End PBXNativeTarget section */

/* Begin PBXProject section */
		287158A92603A115009BA9C0 /* Project object */ = {
			isa = PBXProject;
			attributes = {
				LastSwiftUpdateCheck = 1240;
				LastUpgradeCheck = 1240;
				TargetAttributes = {
					287158B02603A115009BA9C0 = {
						CreatedOnToolsVersion = 12.4;
					};
					287158C12603A118009BA9C0 = {
						CreatedOnToolsVersion = 12.4;
						TestTargetID = 287158B02603A115009BA9C0;
					};
					287158CC2603A118009BA9C0 = {
						CreatedOnToolsVersion = 12.4;
						TestTargetID = 287158B02603A115009BA9C0;
					};
				};
			};
			buildConfigurationList = 287158AC2603A115009BA9C0 /* Build configuration list for PBXProject "Landmarks" */;
			compatibilityVersion = "Xcode 12.0";
			developmentRegion = en;
			hasScannedForEncodings = 0;
			knownRegions = (
				en,
				Base,
			);
			mainGroup = 287158A82603A115009BA9C0;
			productRefGroup = 287158B22603A115009BA9C0 /* Products */;
			projectDirPath = "";
			projectRoot = "";
			targets = (
				287158B02603A115009BA9C0 /* Landmarks */,
				287158C12603A118009BA9C0 /* LandmarksTests */,
				287158CC2603A118009BA9C0 /* LandmarksUITests */,
			);
		};
/* End PBXProject section */

/* Begin PBXResourcesBuildPhase section */
		287158AF2603A115009BA9C0 /* Resources */ = {
			isa = PBXResourcesBuildPhase;
			buildActionMask = 2147483647;
			files = (
				287158BC2603A118009BA9C0 /* Preview Assets.xcassets in Resources */,
				287158B92603A118009BA9C0 /* Assets.xcassets in Resources */,
				287158ED2603A9A3009BA9C0 /* landmarkData.json in Resources */,
			);
			runOnlyForDeploymentPostprocessing = 0;
		};
		287158C02603A118009BA9C0 /* Resources */ = {
			isa = PBXResourcesBuildPhase;
			buildActionMask = 2147483647;
			files = (
			);
			runOnlyForDeploymentPostprocessing = 0;
		};
		287158CB2603A118009BA9C0 /* Resources */ = {
			isa = PBXResourcesBuildPhase;
			buildActionMask = 2147483647;
			files = (
			);
			runOnlyForDeploymentPostprocessing = 0;
		};
/* End PBXResourcesBuildPhase section */

/* Begin PBXSourcesBuildPhase section */
		287158AD2603A115009BA9C0 /* Sources */ = {
			isa = PBXSourcesBuildPhase;
			buildActionMask = 2147483647;
			files = (
				287158B72603A115009BA9C0 /* ContentView.swift in Sources */,
				287158E82603A508009BA9C0 /* MapView.swift in Sources */,
				287158B52603A115009BA9C0 /* LandmarksApp.swift in Sources */,
				287159192603AE0D009BA9C0 /* LandmarkList.swift in Sources */,
				2871591E2603AEDF009BA9C0 /* LandmarkDetail.swift in Sources */,
				287158E32603A449009BA9C0 /* CircleImage.swift in Sources */,
				287158F22603A9BD009BA9C0 /* Landmark.swift in Sources */,
				287159142603ACC4009BA9C0 /* LandmarkRow.swift in Sources */,
				287158F72603AAC6009BA9C0 /* ModelData.swift in Sources */,
			);
			runOnlyForDeploymentPostprocessing = 0;
		};
		287158BE2603A118009BA9C0 /* Sources */ = {
			isa = PBXSourcesBuildPhase;
			buildActionMask = 2147483647;
			files = (
				287158C72603A118009BA9C0 /* LandmarksTests.swift in Sources */,
			);
			runOnlyForDeploymentPostprocessing = 0;
		};
		287158C92603A118009BA9C0 /* Sources */ = {
			isa = PBXSourcesBuildPhase;
			buildActionMask = 2147483647;
			files = (
				287158D22603A118009BA9C0 /* LandmarksUITests.swift in Sources */,
			);
			runOnlyForDeploymentPostprocessing = 0;
		};
/* End PBXSourcesBuildPhase section */

/* Begin PBXTargetDependency section */
		287158C42603A118009BA9C0 /* PBXTargetDependency */ = {
			isa = PBXTargetDependency;
			target = 287158B02603A115009BA9C0 /* Landmarks */;
			targetProxy = 287158C32603A118009BA9C0 /* PBXContainerItemProxy */;
		};
		287158CF2603A118009BA9C0 /* PBXTargetDependency */ = {
			isa = PBXTargetDependency;
			target = 287158B02603A115009BA9C0 /* Landmarks */;
			targetProxy = 287158CE2603A118009BA9C0 /* PBXContainerItemProxy */;
		};
/* End PBXTargetDependency section */

/* Begin XCBuildConfiguration section */
		287158D42603A118009BA9C0 /* Debug */ = {
			isa = XCBuildConfiguration;
			buildSettings = {
				ALWAYS_SEARCH_USER_PATHS = NO;
				CLANG_ANALYZER_NONNULL = YES;
				CLANG_ANALYZER_NUMBER_OBJECT_CONVERSION = YES_AGGRESSIVE;
				CLANG_CXX_LANGUAGE_STANDARD = "gnu++14";
				CLANG_CXX_LIBRARY = "libc++";
				CLANG_ENABLE_MODULES = YES;
				CLANG_ENABLE_OBJC_ARC = YES;
				CLANG_ENABLE_OBJC_WEAK = YES;
				CLANG_WARN_BLOCK_CAPTURE_AUTORELEASING = YES;
				CLANG_WARN_BOOL_CONVERSION = YES;
				CLANG_WARN_COMMA = YES;
				CLANG_WARN_CONSTANT_CONVERSION = YES;
				CLANG_WARN_DEPRECATED_OBJC_IMPLEMENTATIONS = YES;
				CLANG_WARN_DIRECT_OBJC_ISA_USAGE = YES_ERROR;
				CLANG_WARN_DOCUMENTATION_COMMENTS = YES;
				CLANG_WARN_EMPTY_BODY = YES;
				CLANG_WARN_ENUM_CONVERSION = YES;
				CLANG_WARN_INFINITE_RECURSION = YES;
				CLANG_WARN_INT_CONVERSION = YES;
				CLANG_WARN_NON_LITERAL_NULL_CONVERSION = YES;
				CLANG_WARN_OBJC_IMPLICIT_RETAIN_SELF = YES;
				CLANG_WARN_OBJC_LITERAL_CONVERSION = YES;
				CLANG_WARN_OBJC_ROOT_CLASS = YES_ERROR;
				CLANG_WARN_QUOTED_INCLUDE_IN_FRAMEWORK_HEADER = YES;
				CLANG_WARN_RANGE_LOOP_ANALYSIS = YES;
				CLANG_WARN_STRICT_PROTOTYPES = YES;
				CLANG_WARN_SUSPICIOUS_MOVE = YES;
				CLANG_WARN_UNGUARDED_AVAILABILITY = YES_AGGRESSIVE;
				CLANG_WARN_UNREACHABLE_CODE = YES;
				CLANG_WARN__DUPLICATE_METHOD_MATCH = YES;
				COPY_PHASE_STRIP = NO;
				DEBUG_INFORMATION_FORMAT = dwarf;
				ENABLE_STRICT_OBJC_MSGSEND = YES;
				ENABLE_TESTABILITY = YES;
				GCC_C_LANGUAGE_STANDARD = gnu11;
				GCC_DYNAMIC_NO_PIC = NO;
				GCC_NO_COMMON_BLOCKS = YES;
				GCC_OPTIMIZATION_LEVEL = 0;
				GCC_PREPROCESSOR_DEFINITIONS = (
					"DEBUG=1",
					"$(inherited)",
				);
				GCC_WARN_64_TO_32_BIT_CONVERSION = YES;
				GCC_WARN_ABOUT_RETURN_TYPE = YES_ERROR;
				GCC_WARN_UNDECLARED_SELECTOR = YES;
				GCC_WARN_UNINITIALIZED_AUTOS = YES_AGGRESSIVE;
				GCC_WARN_UNUSED_FUNCTION = YES;
				GCC_WARN_UNUSED_VARIABLE = YES;
				IPHONEOS_DEPLOYMENT_TARGET = 14.4;
				MTL_ENABLE_DEBUG_INFO = INCLUDE_SOURCE;
				MTL_FAST_MATH = YES;
				ONLY_ACTIVE_ARCH = YES;
				SDKROOT = iphoneos;
				SWIFT_ACTIVE_COMPILATION_CONDITIONS = DEBUG;
				SWIFT_OPTIMIZATION_LEVEL = "-Onone";
			};
			name = Debug;
		};
		287158D52603A118009BA9C0 /* Release */ = {
			isa = XCBuildConfiguration;
			buildSettings = {
				ALWAYS_SEARCH_USER_PATHS = NO;
				CLANG_ANALYZER_NONNULL = YES;
				CLANG_ANALYZER_NUMBER_OBJECT_CONVERSION = YES_AGGRESSIVE;
				CLANG_CXX_LANGUAGE_STANDARD = "gnu++14";
				CLANG_CXX_LIBRARY = "libc++";
				CLANG_ENABLE_MODULES = YES;
				CLANG_ENABLE_OBJC_ARC = YES;
				CLANG_ENABLE_OBJC_WEAK = YES;
				CLANG_WARN_BLOCK_CAPTURE_AUTORELEASING = YES;
				CLANG_WARN_BOOL_CONVERSION = YES;
				CLANG_WARN_COMMA = YES;
				CLANG_WARN_CONSTANT_CONVERSION = YES;
				CLANG_WARN_DEPRECATED_OBJC_IMPLEMENTATIONS = YES;
				CLANG_WARN_DIRECT_OBJC_ISA_USAGE = YES_ERROR;
				CLANG_WARN_DOCUMENTATION_COMMENTS = YES;
				CLANG_WARN_EMPTY_BODY = YES;
				CLANG_WARN_ENUM_CONVERSION = YES;
				CLANG_WARN_INFINITE_RECURSION = YES;
				CLANG_WARN_INT_CONVERSION = YES;
				CLANG_WARN_NON_LITERAL_NULL_CONVERSION = YES;
				CLANG_WARN_OBJC_IMPLICIT_RETAIN_SELF = YES;
				CLANG_WARN_OBJC_LITERAL_CONVERSION = YES;
				CLANG_WARN_OBJC_ROOT_CLASS = YES_ERROR;
				CLANG_WARN_QUOTED_INCLUDE_IN_FRAMEWORK_HEADER = YES;
				CLANG_WARN_RANGE_LOOP_ANALYSIS = YES;
				CLANG_WARN_STRICT_PROTOTYPES = YES;
				CLANG_WARN_SUSPICIOUS_MOVE = YES;
				CLANG_WARN_UNGUARDED_AVAILABILITY = YES_AGGRESSIVE;
				CLANG_WARN_UNREACHABLE_CODE = YES;
				CLANG_WARN__DUPLICATE_METHOD_MATCH = YES;
				COPY_PHASE_STRIP = NO;
				DEBUG_INFORMATION_FORMAT = "dwarf-with-dsym";
				ENABLE_NS_ASSERTIONS = NO;
				ENABLE_STRICT_OBJC_MSGSEND = YES;
				GCC_C_LANGUAGE_STANDARD = gnu11;
				GCC_NO_COMMON_BLOCKS = YES;
				GCC_WARN_64_TO_32_BIT_CONVERSION = YES;
				GCC_WARN_ABOUT_RETURN_TYPE = YES_ERROR;
				GCC_WARN_UNDECLARED_SELECTOR = YES;
				GCC_WARN_UNINITIALIZED_AUTOS = YES_AGGRESSIVE;
				GCC_WARN_UNUSED_FUNCTION = YES;
				GCC_WARN_UNUSED_VARIABLE = YES;
				IPHONEOS_DEPLOYMENT_TARGET = 14.4;
				MTL_ENABLE_DEBUG_INFO = NO;
				MTL_FAST_MATH = YES;
				SDKROOT = iphoneos;
				SWIFT_COMPILATION_MODE = wholemodule;
				SWIFT_OPTIMIZATION_LEVEL = "-O";
				VALIDATE_PRODUCT = YES;
			};
			name = Release;
		};
		287158D72603A118009BA9C0 /* Debug */ = {
			isa = XCBuildConfiguration;
			buildSettings = {
				ASSETCATALOG_COMPILER_APPICON_NAME = AppIcon;
				ASSETCATALOG_COMPILER_GLOBAL_ACCENT_COLOR_NAME = AccentColor;
				CODE_SIGN_STYLE = Automatic;
				DEVELOPMENT_ASSET_PATHS = "\"Landmarks/Preview Content\"";
				DEVELOPMENT_TEAM = 75BMDS26U3;
				ENABLE_PREVIEWS = YES;
				INFOPLIST_FILE = Landmarks/Info.plist;
				IPHONEOS_DEPLOYMENT_TARGET = 14.0;
				LD_RUNPATH_SEARCH_PATHS = (
					"$(inherited)",
					"@executable_path/Frameworks",
				);
				PRODUCT_BUNDLE_IDENTIFIER = maaheee.Landmarks;
				PRODUCT_NAME = "$(TARGET_NAME)";
				SWIFT_VERSION = 5.0;
				TARGETED_DEVICE_FAMILY = "1,2";
			};
			name = Debug;
		};
		287158D82603A118009BA9C0 /* Release */ = {
			isa = XCBuildConfiguration;
			buildSettings = {
				ASSETCATALOG_COMPILER_APPICON_NAME = AppIcon;
				ASSETCATALOG_COMPILER_GLOBAL_ACCENT_COLOR_NAME = AccentColor;
				CODE_SIGN_STYLE = Automatic;
				DEVELOPMENT_ASSET_PATHS = "\"Landmarks/Preview Content\"";
				DEVELOPMENT_TEAM = 75BMDS26U3;
				ENABLE_PREVIEWS = YES;
				INFOPLIST_FILE = Landmarks/Info.plist;
				IPHONEOS_DEPLOYMENT_TARGET = 14.0;
				LD_RUNPATH_SEARCH_PATHS = (
					"$(inherited)",
					"@executable_path/Frameworks",
				);
				PRODUCT_BUNDLE_IDENTIFIER = maaheee.Landmarks;
				PRODUCT_NAME = "$(TARGET_NAME)";
				SWIFT_VERSION = 5.0;
				TARGETED_DEVICE_FAMILY = "1,2";
			};
			name = Release;
		};
		287158DA2603A118009BA9C0 /* Debug */ = {
			isa = XCBuildConfiguration;
			buildSettings = {
				ALWAYS_EMBED_SWIFT_STANDARD_LIBRARIES = YES;
				BUNDLE_LOADER = "$(TEST_HOST)";
				CODE_SIGN_STYLE = Automatic;
				INFOPLIST_FILE = LandmarksTests/Info.plist;
				IPHONEOS_DEPLOYMENT_TARGET = 14.0;
				LD_RUNPATH_SEARCH_PATHS = (
					"$(inherited)",
					"@executable_path/Frameworks",
					"@loader_path/Frameworks",
				);
				PRODUCT_BUNDLE_IDENTIFIER = "com.example.apple-samplecode.LandmarksTests";
				PRODUCT_NAME = "$(TARGET_NAME)";
				SWIFT_VERSION = 5.0;
				TARGETED_DEVICE_FAMILY = "1,2";
				TEST_HOST = "$(BUILT_PRODUCTS_DIR)/Landmarks.app/Landmarks";
			};
			name = Debug;
		};
		287158DB2603A118009BA9C0 /* Release */ = {
			isa = XCBuildConfiguration;
			buildSettings = {
				ALWAYS_EMBED_SWIFT_STANDARD_LIBRARIES = YES;
				BUNDLE_LOADER = "$(TEST_HOST)";
				CODE_SIGN_STYLE = Automatic;
				INFOPLIST_FILE = LandmarksTests/Info.plist;
				IPHONEOS_DEPLOYMENT_TARGET = 14.0;
				LD_RUNPATH_SEARCH_PATHS = (
					"$(inherited)",
					"@executable_path/Frameworks",
					"@loader_path/Frameworks",
				);
				PRODUCT_BUNDLE_IDENTIFIER = "com.example.apple-samplecode.LandmarksTests";
				PRODUCT_NAME = "$(TARGET_NAME)";
				SWIFT_VERSION = 5.0;
				TARGETED_DEVICE_FAMILY = "1,2";
				TEST_HOST = "$(BUILT_PRODUCTS_DIR)/Landmarks.app/Landmarks";
			};
			name = Release;
		};
		287158DD2603A118009BA9C0 /* Debug */ = {
			isa = XCBuildConfiguration;
			buildSettings = {
				ALWAYS_EMBED_SWIFT_STANDARD_LIBRARIES = YES;
				CODE_SIGN_STYLE = Automatic;
				INFOPLIST_FILE = LandmarksUITests/Info.plist;
				LD_RUNPATH_SEARCH_PATHS = (
					"$(inherited)",
					"@executable_path/Frameworks",
					"@loader_path/Frameworks",
				);
				PRODUCT_BUNDLE_IDENTIFIER = "com.example.apple-samplecode.LandmarksUITests";
				PRODUCT_NAME = "$(TARGET_NAME)";
				SWIFT_VERSION = 5.0;
				TARGETED_DEVICE_FAMILY = "1,2";
				TEST_TARGET_NAME = Landmarks;
			};
			name = Debug;
		};
		287158DE2603A118009BA9C0 /* Release */ = {
			isa = XCBuildConfiguration;
			buildSettings = {
				ALWAYS_EMBED_SWIFT_STANDARD_LIBRARIES = YES;
				CODE_SIGN_STYLE = Automatic;
				INFOPLIST_FILE = LandmarksUITests/Info.plist;
				LD_RUNPATH_SEARCH_PATHS = (
					"$(inherited)",
					"@executable_path/Frameworks",
					"@loader_path/Frameworks",
				);
				PRODUCT_BUNDLE_IDENTIFIER = "com.example.apple-samplecode.LandmarksUITests";
				PRODUCT_NAME = "$(TARGET_NAME)";
				SWIFT_VERSION = 5.0;
				TARGETED_DEVICE_FAMILY = "1,2";
				TEST_TARGET_NAME = Landmarks;
			};
			name = Release;
		};
/* End XCBuildConfiguration section */

/* Begin XCConfigurationList section */
		287158AC2603A115009BA9C0 /* Build configuration list for PBXProject "Landmarks" */ = {
			isa = XCConfigurationList;
			buildConfigurations = (
				287158D42603A118009BA9C0 /* Debug */,
				287158D52603A118009BA9C0 /* Release */,
			);
			defaultConfigurationIsVisible = 0;
			defaultConfigurationName = Release;
		};
		287158D62603A118009BA9C0 /* Build configuration list for PBXNativeTarget "Landmarks" */ = {
			isa = XCConfigurationList;
			buildConfigurations = (
				287158D72603A118009BA9C0 /* Debug */,
				287158D82603A118009BA9C0 /* Release */,
			);
			defaultConfigurationIsVisible = 0;
			defaultConfigurationName = Release;
		};
		287158D92603A118009BA9C0 /* Build configuration list for PBXNativeTarget "LandmarksTests" */ = {
			isa = XCConfigurationList;
			buildConfigurations = (
				287158DA2603A118009BA9C0 /* Debug */,
				287158DB2603A118009BA9C0 /* Release */,
			);
			defaultConfigurationIsVisible = 0;
			defaultConfigurationName = Release;
		};
		287158DC2603A118009BA9C0 /* Build configuration list for PBXNativeTarget "LandmarksUITests" */ = {
			isa = XCConfigurationList;
			buildConfigurations = (
				287158DD2603A118009BA9C0 /* Debug */,
				287158DE2603A118009BA9C0 /* Release */,
			);
			defaultConfigurationIsVisible = 0;
			defaultConfigurationName = Release;
		};
/* End XCConfigurationList section */
	};
	rootObject = 287158A92603A115009BA9C0 /* Project object */;
}
